<?xml version="1.0" encoding="utf-8"?>
<Project ToolsVersion="4.0" xmlns="http://schemas.microsoft.com/developer/msbuild/2003">
  <ItemGroup>
    <Filter Include="Durian">
      <UniqueIdentifier>{485103AF-34F3-2D85-1DAE-41D909EFB4D5}</UniqueIdentifier>
    </Filter>
    <Filter Include="Durian\Events">
      <UniqueIdentifier>{2CBCF75F-987C-7396-61B7-BC13CD36B872}</UniqueIdentifier>
    </Filter>
  </ItemGroup>
  <ItemGroup>
    <ClInclude Include="src\Durian.h" />
    <ClInclude Include="src\Durian\Application.h">
      <Filter>Durian</Filter>
    </ClInclude>
    <ClInclude Include="src\Durian\Core.h">
      <Filter>Durian</Filter>
    </ClInclude>
    <ClInclude Include="src\Durian\EntryPoint.h">
      <Filter>Durian</Filter>
    </ClInclude>
    <ClInclude Include="src\Durian\Events\ApplicationEvent.h">
      <Filter>Durian\Events</Filter>
    </ClInclude>
    <ClInclude Include="src\Durian\Events\Event.h">
      <Filter>Durian\Events</Filter>
    </ClInclude>
    <ClInclude Include="src\Durian\Events\KeyEvent.h">
      <Filter>Durian\Events</Filter>
    </ClInclude>
    <ClInclude Include="src\Durian\Events\MouseEvent.h">
      <Filter>Durian\Events</Filter>
    </ClInclude>
    <ClInclude Include="src\Durian\Log.h">
      <Filter>Durian</Filter>
    </ClInclude>
  </ItemGroup>
  <ItemGroup>
    <ClCompile Include="src\Durian\Application.cpp">
      <Filter>Durian</Filter>
    </ClCompile>
    <ClCompile Include="src\Durian\Log.cpp">
      <Filter>Durian</Filter>
    </ClCompile>
  </ItemGroup>
</Project>